
Microsoft Visual Studio Solution File, Format Version 12.00
# Visual Studio Version 17
VisualStudioVersion = 17.14.36616.10
MinimumVisualStudioVersion = 10.0.40219.1
Project("{FAE04EC0-301F-11D3-BF4B-00C04F79EFBC}") = "Sprachfeatures", "Sprachfeatures\Sprachfeatures.csproj", "{96FE1A17-26CC-4A67-A344-4D0B41EB9FA0}"
EndProject
Project("{FAE04EC0-301F-11D3-BF4B-00C04F79EFBC}") = "TopLevelStatements", "TopLevelStatements\TopLevelStatements.csproj", "{D45ABFF7-504E-46F5-8246-21EF9339C4D6}"
EndProject
Project("{FAE04EC0-301F-11D3-BF4B-00C04F79EFBC}") = "Generics", "Generics\Generics.csproj", "{C16099E9-FDEE-9687-6953-03259CE8B899}"
EndProject
Project("{FAE04EC0-301F-11D3-BF4B-00C04F79EFBC}") = "Delegates", "Delegates\Delegates.csproj", "{C2225EFB-4514-4D17-84B2-564F19C84872}"
EndProject
Project("{FAE04EC0-301F-11D3-BF4B-00C04F79EFBC}") = "Events", "Events\Events.csproj", "{7B6D199B-33BC-41D0-8615-F0E39F9DB1E6}"
EndProject
Project("{FAE04EC0-301F-11D3-BF4B-00C04F79EFBC}") = "Serialisierung", "Serialisierung\Serialisierung.csproj", "{9221EDAA-5B64-415C-B05C-2412C4BA56FE}"
EndProject
Project("{FAE04EC0-301F-11D3-BF4B-00C04F79EFBC}") = "Multitasking", "Multitasking\Multitasking.csproj", "{B6FEC4DC-6B4E-46A5-868F-3A082184F16A}"
EndProject
Project("{FAE04EC0-301F-11D3-BF4B-00C04F79EFBC}") = "AsyncAwait", "AsyncAwait\AsyncAwait.csproj", "{A31F55AD-A999-482F-AE1F-31D86689250E}"
EndProject
Project("{FAE04EC0-301F-11D3-BF4B-00C04F79EFBC}") = "AsyncAwaitWPF", "AsyncAwaitWPF\AsyncAwaitWPF.csproj", "{84C14BFB-5868-479F-B7F3-C703EDCF8279}"
EndProject
Project("{FAE04EC0-301F-11D3-BF4B-00C04F79EFBC}") = "LinqErweiterungsmethoden", "LinqErweiterungsmethoden\LinqErweiterungsmethoden.csproj", "{DE1BD727-C38D-418C-A41D-6B9BCA6C710E}"
EndProject
Global
	GlobalSection(SolutionConfigurationPlatforms) = preSolution
		Debug|Any CPU = Debug|Any CPU
		Release|Any CPU = Release|Any CPU
	EndGlobalSection
	GlobalSection(ProjectConfigurationPlatforms) = postSolution
		{96FE1A17-26CC-4A67-A344-4D0B41EB9FA0}.Debug|Any CPU.ActiveCfg = Debug|Any CPU
		{96FE1A17-26CC-4A67-A344-4D0B41EB9FA0}.Debug|Any CPU.Build.0 = Debug|Any CPU
		{96FE1A17-26CC-4A67-A344-4D0B41EB9FA0}.Release|Any CPU.ActiveCfg = Release|Any CPU
		{96FE1A17-26CC-4A67-A344-4D0B41EB9FA0}.Release|Any CPU.Build.0 = Release|Any CPU
		{D45ABFF7-504E-46F5-8246-21EF9339C4D6}.Debug|Any CPU.ActiveCfg = Debug|Any CPU
		{D45ABFF7-504E-46F5-8246-21EF9339C4D6}.Debug|Any CPU.Build.0 = Debug|Any CPU
		{D45ABFF7-504E-46F5-8246-21EF9339C4D6}.Release|Any CPU.ActiveCfg = Release|Any CPU
		{D45ABFF7-504E-46F5-8246-21EF9339C4D6}.Release|Any CPU.Build.0 = Release|Any CPU
		{C16099E9-FDEE-9687-6953-03259CE8B899}.Debug|Any CPU.ActiveCfg = Debug|Any CPU
		{C16099E9-FDEE-9687-6953-03259CE8B899}.Debug|Any CPU.Build.0 = Debug|Any CPU
		{C16099E9-FDEE-9687-6953-03259CE8B899}.Release|Any CPU.ActiveCfg = Release|Any CPU
		{C16099E9-FDEE-9687-6953-03259CE8B899}.Release|Any CPU.Build.0 = Release|Any CPU
		{C2225EFB-4514-4D17-84B2-564F19C84872}.Debug|Any CPU.ActiveCfg = Debug|Any CPU
		{C2225EFB-4514-4D17-84B2-564F19C84872}.Debug|Any CPU.Build.0 = Debug|Any CPU
		{C2225EFB-4514-4D17-84B2-564F19C84872}.Release|Any CPU.ActiveCfg = Release|Any CPU
		{C2225EFB-4514-4D17-84B2-564F19C84872}.Release|Any CPU.Build.0 = Release|Any CPU
		{7B6D199B-33BC-41D0-8615-F0E39F9DB1E6}.Debug|Any CPU.ActiveCfg = Debug|Any CPU
		{7B6D199B-33BC-41D0-8615-F0E39F9DB1E6}.Debug|Any CPU.Build.0 = Debug|Any CPU
		{7B6D199B-33BC-41D0-8615-F0E39F9DB1E6}.Release|Any CPU.ActiveCfg = Release|Any CPU
		{7B6D199B-33BC-41D0-8615-F0E39F9DB1E6}.Release|Any CPU.Build.0 = Release|Any CPU
		{9221EDAA-5B64-415C-B05C-2412C4BA56FE}.Debug|Any CPU.ActiveCfg = Debug|Any CPU
		{9221EDAA-5B64-415C-B05C-2412C4BA56FE}.Debug|Any CPU.Build.0 = Debug|Any CPU
		{9221EDAA-5B64-415C-B05C-2412C4BA56FE}.Release|Any CPU.ActiveCfg = Release|Any CPU
		{9221EDAA-5B64-415C-B05C-2412C4BA56FE}.Release|Any CPU.Build.0 = Release|Any CPU
		{B6FEC4DC-6B4E-46A5-868F-3A082184F16A}.Debug|Any CPU.ActiveCfg = Debug|Any CPU
		{B6FEC4DC-6B4E-46A5-868F-3A082184F16A}.Debug|Any CPU.Build.0 = Debug|Any CPU
		{B6FEC4DC-6B4E-46A5-868F-3A082184F16A}.Release|Any CPU.ActiveCfg = Release|Any CPU
		{B6FEC4DC-6B4E-46A5-868F-3A082184F16A}.Release|Any CPU.Build.0 = Release|Any CPU
		{A31F55AD-A999-482F-AE1F-31D86689250E}.Debug|Any CPU.ActiveCfg = Debug|Any CPU
		{A31F55AD-A999-482F-AE1F-31D86689250E}.Debug|Any CPU.Build.0 = Debug|Any CPU
		{A31F55AD-A999-482F-AE1F-31D86689250E}.Release|Any CPU.ActiveCfg = Release|Any CPU
		{A31F55AD-A999-482F-AE1F-31D86689250E}.Release|Any CPU.Build.0 = Release|Any CPU
		{84C14BFB-5868-479F-B7F3-C703EDCF8279}.Debug|Any CPU.ActiveCfg = Debug|Any CPU
		{84C14BFB-5868-479F-B7F3-C703EDCF8279}.Debug|Any CPU.Build.0 = Debug|Any CPU
		{84C14BFB-5868-479F-B7F3-C703EDCF8279}.Release|Any CPU.ActiveCfg = Release|Any CPU
		{84C14BFB-5868-479F-B7F3-C703EDCF8279}.Release|Any CPU.Build.0 = Release|Any CPU
		{DE1BD727-C38D-418C-A41D-6B9BCA6C710E}.Debug|Any CPU.ActiveCfg = Debug|Any CPU
		{DE1BD727-C38D-418C-A41D-6B9BCA6C710E}.Debug|Any CPU.Build.0 = Debug|Any CPU
		{DE1BD727-C38D-418C-A41D-6B9BCA6C710E}.Release|Any CPU.ActiveCfg = Release|Any CPU
		{DE1BD727-C38D-418C-A41D-6B9BCA6C710E}.Release|Any CPU.Build.0 = Release|Any CPU
	EndGlobalSection
	GlobalSection(SolutionProperties) = preSolution
		HideSolutionNode = FALSE
	EndGlobalSection
	GlobalSection(ExtensibilityGlobals) = postSolution
		SolutionGuid = {EB42CE3D-7DE9-47C2-82BC-F4D65B4391A5}
	EndGlobalSection
EndGlobal
